
Microsoft Visual Studio Solution File, Format Version 12.00
# Visual Studio Version 17
VisualStudioVersion = 17.0.31903.59
MinimumVisualStudioVersion = 10.0.40219.1
Project("{2150E333-8FDC-42A3-9474-1A3956D46DE8}") = "src", "src", "{8DDA7581-8A51-412D-BCA3-44779890C98F}"
EndProject
Project("{FAE04EC0-301F-11D3-BF4B-00C04F79EFBC}") = "Pulse.WebApp", "src\Pulse.WebApp\Pulse.WebApp.csproj", "{1B5A7EAB-7705-4752-931C-B9578962A2A0}"
EndProject
Project("{2150E333-8FDC-42A3-9474-1A3956D46DE8}") = "Modules", "Modules", "{9141805B-670A-41C4-AF31-0F8555781096}"
EndProject
Project("{2150E333-8FDC-42A3-9474-1A3956D46DE8}") = "Posts", "Posts", "{7C9385C2-922A-41A0-8818-38D480CC81B1}"
EndProject
Project("{FAE04EC0-301F-11D3-BF4B-00C04F79EFBC}") = "Pulse.Shared", "src\Pulse.Shared\Pulse.Shared.csproj", "{F576BA30-811C-41C2-975C-C1F193B5BA66}"
EndProject
Project("{FAE04EC0-301F-11D3-BF4B-00C04F79EFBC}") = "Pulse.Posts.Contracts", "src\Modules\Posts\Contracts\Pulse.Posts.Contracts.csproj", "{CB845FB2-1159-4E58-A52F-152D66129441}"
EndProject
Project("{FAE04EC0-301F-11D3-BF4B-00C04F79EFBC}") = "Pulse.Posts", "src\Modules\Posts\Domain\Pulse.Posts.csproj", "{13593F7C-D364-4AB3-874C-672345FD9D19}"
EndProject
Project("{FAE04EC0-301F-11D3-BF4B-00C04F79EFBC}") = "Pulse.Posts.Tests", "src\Modules\Posts\Tests\Pulse.Posts.Tests.csproj", "{65B0D433-C355-4696-B395-261DF8FC9A3C}"
EndProject
Project("{2150E333-8FDC-42A3-9474-1A3956D46DE8}") = "Followers", "Followers", "{781C867A-278C-489D-9EAF-3F392A489EA0}"
EndProject
Project("{2150E333-8FDC-42A3-9474-1A3956D46DE8}") = "Users", "Users", "{119979FB-3FB6-4024-B8D7-A5F9F7515BCA}"
EndProject
Project("{2150E333-8FDC-42A3-9474-1A3956D46DE8}") = "Timeline", "Timeline", "{E6C58FF5-9527-4284-A240-C914558904AC}"
EndProject
Project("{FAE04EC0-301F-11D3-BF4B-00C04F79EFBC}") = "Pulse.Timeline", "src\Modules\Timeline\Domain\Pulse.Timeline.csproj", "{37C8FE69-D722-4832-A573-004D164EA414}"
EndProject
Project("{FAE04EC0-301F-11D3-BF4B-00C04F79EFBC}") = "Pulse.Timeline.Contracts", "src\Modules\Timeline\Contracts\Pulse.Timeline.Contracts.csproj", "{88D3B3AB-3ADC-4872-B44F-35D6D64C657B}"
EndProject
Project("{FAE04EC0-301F-11D3-BF4B-00C04F79EFBC}") = "Pulse.Timeline.Tests", "src\Modules\Timeline\Tests\Pulse.Timeline.Tests.csproj", "{4B632981-1AF5-4444-BC3A-540E43DF1DC6}"
EndProject
Project("{FAE04EC0-301F-11D3-BF4B-00C04F79EFBC}") = "Pulse.Users.Contracts", "src\Modules\Users\Contracts\Pulse.Users.Contracts.csproj", "{63EE3C55-885D-4E84-A0EC-440C83A86362}"
EndProject
Project("{FAE04EC0-301F-11D3-BF4B-00C04F79EFBC}") = "Pulse.Users", "src\Modules\Users\Domain\Pulse.Users.csproj", "{B49AEA09-D78B-4601-BB16-86732FD2E0C9}"
EndProject
Project("{FAE04EC0-301F-11D3-BF4B-00C04F79EFBC}") = "Pulse.Followers.Contracts", "src\Modules\Followers\Contracts\Pulse.Followers.Contracts.csproj", "{884BD54D-01F3-4EA0-8398-6CBEDD808470}"
EndProject
Project("{FAE04EC0-301F-11D3-BF4B-00C04F79EFBC}") = "Pulse.Followers", "src\Modules\Followers\Domain\Pulse.Followers.csproj", "{411ADF5F-6DD6-4ACB-9156-6A21BDA67D2E}"
EndProject
Project("{FAE04EC0-301F-11D3-BF4B-00C04F79EFBC}") = "Pulse.Followers.UI", "src\Modules\Followers\UI\Pulse.Followers.UI.csproj", "{C43976C4-EE49-440D-AC42-497D7398F213}"
EndProject
Project("{FAE04EC0-301F-11D3-BF4B-00C04F79EFBC}") = "Pulse.Shared.UI", "src\Pulse.Shared.UI\Pulse.Shared.UI.csproj", "{5190B16F-89E5-4911-893B-67B16C958584}"
EndProject
Project("{FAE04EC0-301F-11D3-BF4B-00C04F79EFBC}") = "Pulse.Followers.Test", "src\Modules\Followers\Test\Pulse.Followers.Test.csproj", "{359219BD-C6CB-4DAB-B232-5D11E0FDC127}"
EndProject
Project("{FAE04EC0-301F-11D3-BF4B-00C04F79EFBC}") = "Pulse.Timeline.UI", "src\Modules\Timeline\UI\Pulse.Timeline.UI.csproj", "{994F9EC4-73F0-42D4-9867-DE84E823C6C4}"
EndProject
Project("{FAE04EC0-301F-11D3-BF4B-00C04F79EFBC}") = "Pulse.Posts.UI", "src\Modules\Posts\UI\Pulse.Posts.UI.csproj", "{9168EE17-C75A-4F59-B6C4-93D68BADAD72}"
EndProject
Project("{2150E333-8FDC-42A3-9474-1A3956D46DE8}") = "Search", "Search", "{9FFA601D-8F8B-414A-9F57-7CAEE60BA00A}"
EndProject
Project("{FAE04EC0-301F-11D3-BF4B-00C04F79EFBC}") = "Pulse.Search", "src\Modules\Search\Domain\Pulse.Search.csproj", "{8E9F352C-E944-4EAA-9EDF-876A4A352707}"
EndProject
Project("{FAE04EC0-301F-11D3-BF4B-00C04F79EFBC}") = "Pulse.Search.Contracts", "src\Modules\Search\Contracts\Pulse.Search.Contracts.csproj", "{AA79998C-54DE-4D86-901E-6C20FC21A773}"
EndProject
Project("{FAE04EC0-301F-11D3-BF4B-00C04F79EFBC}") = "Pulse.Search.UI", "src\Modules\Search\UI\Pulse.Search.UI.csproj", "{4882E666-A394-4D7D-8DC8-EA46B2CCD560}"
EndProject
Project("{FAE04EC0-301F-11D3-BF4B-00C04F79EFBC}") = "Pulse.Shared.Tests", "src\Pulse.Shared.Tests\Pulse.Shared.Tests.csproj", "{7E4F9DC1-8E02-4F26-9B39-F6842FB4FDF1}"
EndProject
Project("{FAE04EC0-301F-11D3-BF4B-00C04F79EFBC}") = "Pulse.Tests.Util", "src\Pulse.Tests.Util\Pulse.Tests.Util.csproj", "{FA7C78A5-8650-4968-9592-A1915593ED69}"
EndProject
Global
	GlobalSection(SolutionConfigurationPlatforms) = preSolution
		Debug|Any CPU = Debug|Any CPU
		Release|Any CPU = Release|Any CPU
	EndGlobalSection
	GlobalSection(ProjectConfigurationPlatforms) = postSolution
		{1B5A7EAB-7705-4752-931C-B9578962A2A0}.Debug|Any CPU.ActiveCfg = Debug|Any CPU
		{1B5A7EAB-7705-4752-931C-B9578962A2A0}.Debug|Any CPU.Build.0 = Debug|Any CPU
		{1B5A7EAB-7705-4752-931C-B9578962A2A0}.Release|Any CPU.ActiveCfg = Release|Any CPU
		{1B5A7EAB-7705-4752-931C-B9578962A2A0}.Release|Any CPU.Build.0 = Release|Any CPU
		{F576BA30-811C-41C2-975C-C1F193B5BA66}.Debug|Any CPU.ActiveCfg = Debug|Any CPU
		{F576BA30-811C-41C2-975C-C1F193B5BA66}.Debug|Any CPU.Build.0 = Debug|Any CPU
		{F576BA30-811C-41C2-975C-C1F193B5BA66}.Release|Any CPU.ActiveCfg = Release|Any CPU
		{F576BA30-811C-41C2-975C-C1F193B5BA66}.Release|Any CPU.Build.0 = Release|Any CPU
		{CB845FB2-1159-4E58-A52F-152D66129441}.Debug|Any CPU.ActiveCfg = Debug|Any CPU
		{CB845FB2-1159-4E58-A52F-152D66129441}.Debug|Any CPU.Build.0 = Debug|Any CPU
		{CB845FB2-1159-4E58-A52F-152D66129441}.Release|Any CPU.ActiveCfg = Release|Any CPU
		{CB845FB2-1159-4E58-A52F-152D66129441}.Release|Any CPU.Build.0 = Release|Any CPU
		{13593F7C-D364-4AB3-874C-672345FD9D19}.Debug|Any CPU.ActiveCfg = Debug|Any CPU
		{13593F7C-D364-4AB3-874C-672345FD9D19}.Debug|Any CPU.Build.0 = Debug|Any CPU
		{13593F7C-D364-4AB3-874C-672345FD9D19}.Release|Any CPU.ActiveCfg = Release|Any CPU
		{13593F7C-D364-4AB3-874C-672345FD9D19}.Release|Any CPU.Build.0 = Release|Any CPU
		{65B0D433-C355-4696-B395-261DF8FC9A3C}.Debug|Any CPU.ActiveCfg = Debug|Any CPU
		{65B0D433-C355-4696-B395-261DF8FC9A3C}.Debug|Any CPU.Build.0 = Debug|Any CPU
		{65B0D433-C355-4696-B395-261DF8FC9A3C}.Release|Any CPU.ActiveCfg = Release|Any CPU
		{65B0D433-C355-4696-B395-261DF8FC9A3C}.Release|Any CPU.Build.0 = Release|Any CPU
		{37C8FE69-D722-4832-A573-004D164EA414}.Debug|Any CPU.ActiveCfg = Debug|Any CPU
		{37C8FE69-D722-4832-A573-004D164EA414}.Debug|Any CPU.Build.0 = Debug|Any CPU
		{37C8FE69-D722-4832-A573-004D164EA414}.Release|Any CPU.ActiveCfg = Release|Any CPU
		{37C8FE69-D722-4832-A573-004D164EA414}.Release|Any CPU.Build.0 = Release|Any CPU
		{88D3B3AB-3ADC-4872-B44F-35D6D64C657B}.Debug|Any CPU.ActiveCfg = Debug|Any CPU
		{88D3B3AB-3ADC-4872-B44F-35D6D64C657B}.Debug|Any CPU.Build.0 = Debug|Any CPU
		{88D3B3AB-3ADC-4872-B44F-35D6D64C657B}.Release|Any CPU.ActiveCfg = Release|Any CPU
		{88D3B3AB-3ADC-4872-B44F-35D6D64C657B}.Release|Any CPU.Build.0 = Release|Any CPU
		{4B632981-1AF5-4444-BC3A-540E43DF1DC6}.Debug|Any CPU.ActiveCfg = Debug|Any CPU
		{4B632981-1AF5-4444-BC3A-540E43DF1DC6}.Debug|Any CPU.Build.0 = Debug|Any CPU
		{4B632981-1AF5-4444-BC3A-540E43DF1DC6}.Release|Any CPU.ActiveCfg = Release|Any CPU
		{4B632981-1AF5-4444-BC3A-540E43DF1DC6}.Release|Any CPU.Build.0 = Release|Any CPU
		{63EE3C55-885D-4E84-A0EC-440C83A86362}.Debug|Any CPU.ActiveCfg = Debug|Any CPU
		{63EE3C55-885D-4E84-A0EC-440C83A86362}.Debug|Any CPU.Build.0 = Debug|Any CPU
		{63EE3C55-885D-4E84-A0EC-440C83A86362}.Release|Any CPU.ActiveCfg = Release|Any CPU
		{63EE3C55-885D-4E84-A0EC-440C83A86362}.Release|Any CPU.Build.0 = Release|Any CPU
		{B49AEA09-D78B-4601-BB16-86732FD2E0C9}.Debug|Any CPU.ActiveCfg = Debug|Any CPU
		{B49AEA09-D78B-4601-BB16-86732FD2E0C9}.Debug|Any CPU.Build.0 = Debug|Any CPU
		{B49AEA09-D78B-4601-BB16-86732FD2E0C9}.Release|Any CPU.ActiveCfg = Release|Any CPU
		{B49AEA09-D78B-4601-BB16-86732FD2E0C9}.Release|Any CPU.Build.0 = Release|Any CPU
		{884BD54D-01F3-4EA0-8398-6CBEDD808470}.Debug|Any CPU.ActiveCfg = Debug|Any CPU
		{884BD54D-01F3-4EA0-8398-6CBEDD808470}.Debug|Any CPU.Build.0 = Debug|Any CPU
		{884BD54D-01F3-4EA0-8398-6CBEDD808470}.Release|Any CPU.ActiveCfg = Release|Any CPU
		{884BD54D-01F3-4EA0-8398-6CBEDD808470}.Release|Any CPU.Build.0 = Release|Any CPU
		{411ADF5F-6DD6-4ACB-9156-6A21BDA67D2E}.Debug|Any CPU.ActiveCfg = Debug|Any CPU
		{411ADF5F-6DD6-4ACB-9156-6A21BDA67D2E}.Debug|Any CPU.Build.0 = Debug|Any CPU
		{411ADF5F-6DD6-4ACB-9156-6A21BDA67D2E}.Release|Any CPU.ActiveCfg = Release|Any CPU
		{411ADF5F-6DD6-4ACB-9156-6A21BDA67D2E}.Release|Any CPU.Build.0 = Release|Any CPU
		{C43976C4-EE49-440D-AC42-497D7398F213}.Debug|Any CPU.ActiveCfg = Debug|Any CPU
		{C43976C4-EE49-440D-AC42-497D7398F213}.Debug|Any CPU.Build.0 = Debug|Any CPU
		{C43976C4-EE49-440D-AC42-497D7398F213}.Release|Any CPU.ActiveCfg = Release|Any CPU
		{C43976C4-EE49-440D-AC42-497D7398F213}.Release|Any CPU.Build.0 = Release|Any CPU
		{5190B16F-89E5-4911-893B-67B16C958584}.Debug|Any CPU.ActiveCfg = Debug|Any CPU
		{5190B16F-89E5-4911-893B-67B16C958584}.Debug|Any CPU.Build.0 = Debug|Any CPU
		{5190B16F-89E5-4911-893B-67B16C958584}.Release|Any CPU.ActiveCfg = Release|Any CPU
		{5190B16F-89E5-4911-893B-67B16C958584}.Release|Any CPU.Build.0 = Release|Any CPU
		{359219BD-C6CB-4DAB-B232-5D11E0FDC127}.Debug|Any CPU.ActiveCfg = Debug|Any CPU
		{359219BD-C6CB-4DAB-B232-5D11E0FDC127}.Debug|Any CPU.Build.0 = Debug|Any CPU
		{359219BD-C6CB-4DAB-B232-5D11E0FDC127}.Release|Any CPU.ActiveCfg = Release|Any CPU
		{359219BD-C6CB-4DAB-B232-5D11E0FDC127}.Release|Any CPU.Build.0 = Release|Any CPU
		{994F9EC4-73F0-42D4-9867-DE84E823C6C4}.Debug|Any CPU.ActiveCfg = Debug|Any CPU
		{994F9EC4-73F0-42D4-9867-DE84E823C6C4}.Debug|Any CPU.Build.0 = Debug|Any CPU
		{994F9EC4-73F0-42D4-9867-DE84E823C6C4}.Release|Any CPU.ActiveCfg = Release|Any CPU
		{994F9EC4-73F0-42D4-9867-DE84E823C6C4}.Release|Any CPU.Build.0 = Release|Any CPU
		{9168EE17-C75A-4F59-B6C4-93D68BADAD72}.Debug|Any CPU.ActiveCfg = Debug|Any CPU
		{9168EE17-C75A-4F59-B6C4-93D68BADAD72}.Debug|Any CPU.Build.0 = Debug|Any CPU
		{9168EE17-C75A-4F59-B6C4-93D68BADAD72}.Release|Any CPU.ActiveCfg = Release|Any CPU
		{9168EE17-C75A-4F59-B6C4-93D68BADAD72}.Release|Any CPU.Build.0 = Release|Any CPU
		{8E9F352C-E944-4EAA-9EDF-876A4A352707}.Debug|Any CPU.ActiveCfg = Debug|Any CPU
		{8E9F352C-E944-4EAA-9EDF-876A4A352707}.Debug|Any CPU.Build.0 = Debug|Any CPU
		{8E9F352C-E944-4EAA-9EDF-876A4A352707}.Release|Any CPU.ActiveCfg = Release|Any CPU
		{8E9F352C-E944-4EAA-9EDF-876A4A352707}.Release|Any CPU.Build.0 = Release|Any CPU
		{AA79998C-54DE-4D86-901E-6C20FC21A773}.Debug|Any CPU.ActiveCfg = Debug|Any CPU
		{AA79998C-54DE-4D86-901E-6C20FC21A773}.Debug|Any CPU.Build.0 = Debug|Any CPU
		{AA79998C-54DE-4D86-901E-6C20FC21A773}.Release|Any CPU.ActiveCfg = Release|Any CPU
		{AA79998C-54DE-4D86-901E-6C20FC21A773}.Release|Any CPU.Build.0 = Release|Any CPU
		{4882E666-A394-4D7D-8DC8-EA46B2CCD560}.Debug|Any CPU.ActiveCfg = Debug|Any CPU
		{4882E666-A394-4D7D-8DC8-EA46B2CCD560}.Debug|Any CPU.Build.0 = Debug|Any CPU
		{4882E666-A394-4D7D-8DC8-EA46B2CCD560}.Release|Any CPU.ActiveCfg = Release|Any CPU
		{4882E666-A394-4D7D-8DC8-EA46B2CCD560}.Release|Any CPU.Build.0 = Release|Any CPU
		{7E4F9DC1-8E02-4F26-9B39-F6842FB4FDF1}.Debug|Any CPU.ActiveCfg = Debug|Any CPU
		{7E4F9DC1-8E02-4F26-9B39-F6842FB4FDF1}.Debug|Any CPU.Build.0 = Debug|Any CPU
		{7E4F9DC1-8E02-4F26-9B39-F6842FB4FDF1}.Release|Any CPU.ActiveCfg = Release|Any CPU
		{7E4F9DC1-8E02-4F26-9B39-F6842FB4FDF1}.Release|Any CPU.Build.0 = Release|Any CPU
		{FA7C78A5-8650-4968-9592-A1915593ED69}.Debug|Any CPU.ActiveCfg = Debug|Any CPU
		{FA7C78A5-8650-4968-9592-A1915593ED69}.Debug|Any CPU.Build.0 = Debug|Any CPU
		{FA7C78A5-8650-4968-9592-A1915593ED69}.Release|Any CPU.ActiveCfg = Release|Any CPU
		{FA7C78A5-8650-4968-9592-A1915593ED69}.Release|Any CPU.Build.0 = Release|Any CPU
	EndGlobalSection
	GlobalSection(SolutionProperties) = preSolution
		HideSolutionNode = FALSE
	EndGlobalSection
	GlobalSection(NestedProjects) = preSolution
		{1B5A7EAB-7705-4752-931C-B9578962A2A0} = {8DDA7581-8A51-412D-BCA3-44779890C98F}
		{9141805B-670A-41C4-AF31-0F8555781096} = {8DDA7581-8A51-412D-BCA3-44779890C98F}
		{7C9385C2-922A-41A0-8818-38D480CC81B1} = {9141805B-670A-41C4-AF31-0F8555781096}
		{F576BA30-811C-41C2-975C-C1F193B5BA66} = {8DDA7581-8A51-412D-BCA3-44779890C98F}
		{CB845FB2-1159-4E58-A52F-152D66129441} = {7C9385C2-922A-41A0-8818-38D480CC81B1}
		{13593F7C-D364-4AB3-874C-672345FD9D19} = {7C9385C2-922A-41A0-8818-38D480CC81B1}
		{65B0D433-C355-4696-B395-261DF8FC9A3C} = {7C9385C2-922A-41A0-8818-38D480CC81B1}
		{781C867A-278C-489D-9EAF-3F392A489EA0} = {9141805B-670A-41C4-AF31-0F8555781096}
		{119979FB-3FB6-4024-B8D7-A5F9F7515BCA} = {9141805B-670A-41C4-AF31-0F8555781096}
		{E6C58FF5-9527-4284-A240-C914558904AC} = {9141805B-670A-41C4-AF31-0F8555781096}
		{37C8FE69-D722-4832-A573-004D164EA414} = {E6C58FF5-9527-4284-A240-C914558904AC}
		{88D3B3AB-3ADC-4872-B44F-35D6D64C657B} = {E6C58FF5-9527-4284-A240-C914558904AC}
		{4B632981-1AF5-4444-BC3A-540E43DF1DC6} = {E6C58FF5-9527-4284-A240-C914558904AC}
		{63EE3C55-885D-4E84-A0EC-440C83A86362} = {119979FB-3FB6-4024-B8D7-A5F9F7515BCA}
		{B49AEA09-D78B-4601-BB16-86732FD2E0C9} = {119979FB-3FB6-4024-B8D7-A5F9F7515BCA}
		{884BD54D-01F3-4EA0-8398-6CBEDD808470} = {781C867A-278C-489D-9EAF-3F392A489EA0}
		{411ADF5F-6DD6-4ACB-9156-6A21BDA67D2E} = {781C867A-278C-489D-9EAF-3F392A489EA0}
		{C43976C4-EE49-440D-AC42-497D7398F213} = {781C867A-278C-489D-9EAF-3F392A489EA0}
		{5190B16F-89E5-4911-893B-67B16C958584} = {8DDA7581-8A51-412D-BCA3-44779890C98F}
		{359219BD-C6CB-4DAB-B232-5D11E0FDC127} = {781C867A-278C-489D-9EAF-3F392A489EA0}
		{994F9EC4-73F0-42D4-9867-DE84E823C6C4} = {E6C58FF5-9527-4284-A240-C914558904AC}
		{9168EE17-C75A-4F59-B6C4-93D68BADAD72} = {7C9385C2-922A-41A0-8818-38D480CC81B1}
		{9FFA601D-8F8B-414A-9F57-7CAEE60BA00A} = {9141805B-670A-41C4-AF31-0F8555781096}
		{8E9F352C-E944-4EAA-9EDF-876A4A352707} = {9FFA601D-8F8B-414A-9F57-7CAEE60BA00A}
		{AA79998C-54DE-4D86-901E-6C20FC21A773} = {9FFA601D-8F8B-414A-9F57-7CAEE60BA00A}
		{4882E666-A394-4D7D-8DC8-EA46B2CCD560} = {9FFA601D-8F8B-414A-9F57-7CAEE60BA00A}
		{7E4F9DC1-8E02-4F26-9B39-F6842FB4FDF1} = {8DDA7581-8A51-412D-BCA3-44779890C98F}
		{FA7C78A5-8650-4968-9592-A1915593ED69} = {8DDA7581-8A51-412D-BCA3-44779890C98F}
	EndGlobalSection
EndGlobal
